// !$*UTF8*$!
{
	archiveVersion = 1;
	classes = {
	};
	objectVersion = 46;
	objects = {

/* Begin PBXFileReference section */
		07F946439513688EB9BF9953 /* AppController.j */ = {isa = PBXFileReference; lastKnownFileType = sourcecode.c.objc; name = AppController.j; path = AppController.j; sourceTree = SOURCE_ROOT; };
		11CF401B9B8AD5413F6231F6 /* State.j */ = {isa = PBXFileReference; lastKnownFileType = sourcecode.c.objc; name = State.j; path = State.j; sourceTree = SOURCE_ROOT; };
		2CD2420981C393C6380E49B4 /* Recipe.j */ = {isa = PBXFileReference; lastKnownFileType = sourcecode.c.objc; name = Recipe.j; path = Recipe.j; sourceTree = SOURCE_ROOT; };
		630F4E8F9F831FC790722A17 /* Recipe.h */ = {isa = PBXFileReference; lastKnownFileType = sourcecode.c.h; name = Recipe.h; path = .XcodeSupport/Recipe.h; sourceTree = SOURCE_ROOT; };
		78774CA188F5CE78A47A87DA /* State.h */ = {isa = PBXFileReference; lastKnownFileType = sourcecode.c.h; name = State.h; path = .XcodeSupport/State.h; sourceTree = SOURCE_ROOT; };
		9AB1461786B1E07364B0DD63 /* xcc_general_include.h */ = {isa = PBXFileReference; lastKnownFileType = sourcecode.c.h; name = xcc_general_include.h; path = .XcodeSupport/xcc_general_include.h; sourceTree = SOURCE_ROOT; };
		A9C04A64A4C6594D36D03825 /* AppController.h */ = {isa = PBXFileReference; lastKnownFileType = sourcecode.c.h; name = AppController.h; path = .XcodeSupport/AppController.h; sourceTree = SOURCE_ROOT; };
		D07044CD8533B4DF169B317E /* Recipe.m */ = {isa = PBXFileReference; lastKnownFileType = sourcecode.c.objc; name = Recipe.m; path = .XcodeSupport/Recipe.m; sourceTree = SOURCE_ROOT; };
		E164FE29172185F500263CE3 /* Resources */ = {isa = PBXFileReference; lastKnownFileType = folder; path = Resources; sourceTree = "<group>"; };
		EDC54B3DB97EA42925B366DA /* State.m */ = {isa = PBXFileReference; lastKnownFileType = sourcecode.c.objc; name = State.m; path = .XcodeSupport/State.m; sourceTree = SOURCE_ROOT; };
		FB2848EE9C2326AB1906AF4E /* AppController.m */ = {isa = PBXFileReference; lastKnownFileType = sourcecode.c.objc; name = AppController.m; path = .XcodeSupport/AppController.m; sourceTree = SOURCE_ROOT; };
/* End PBXFileReference section */

/* Begin PBXGroup section */
		C5AE438791BC2D8F03879816 /* Cappuccino Source */ = {
			isa = PBXGroup;
			children = (
				07F946439513688EB9BF9953 /* AppController.j */,
				2CD2420981C393C6380E49B4 /* Recipe.j */,
				11CF401B9B8AD5413F6231F6 /* State.j */,
			);
			name = "Cappuccino Source";
			sourceTree = "<group>";
		};
		D68741AF959DD8050E80A716 /* Cocoa Classes */ = {
			isa = PBXGroup;
			children = (
				A9C04A64A4C6594D36D03825 /* AppController.h */,
				FB2848EE9C2326AB1906AF4E /* AppController.m */,
				630F4E8F9F831FC790722A17 /* Recipe.h */,
				D07044CD8533B4DF169B317E /* Recipe.m */,
				78774CA188F5CE78A47A87DA /* State.h */,
				EDC54B3DB97EA42925B366DA /* State.m */,
				9AB1461786B1E07364B0DD63 /* xcc_general_include.h */,
			);
			name = "Cocoa Classes";
			sourceTree = "<group>";
		};
		E164FE221721857400263CE3 /*  */ = {
			isa = PBXGroup;
			children = (
				E164FE29172185F500263CE3 /* Resources */,
				D68741AF959DD8050E80A716 /* Cocoa Classes */,
				C5AE438791BC2D8F03879816 /* Cappuccino Source */,
			);
			sourceTree = "<group>";
		};
/* End PBXGroup section */

/* Begin PBXProject section */
		E164FE231721857400263CE3 /* Project Object */ = {
			isa = PBXProject;
			attributes = {
				LastUpgradeCheck = 0460;
			};
			buildConfigurationList = E164FE261721857400263CE3 /* Build configuration list for PBXProject "Unity-iPhone" */;
			compatibilityVersion = "Xcode 3.2";
			developmentRegion = English;
			hasScannedForEncodings = 0;
			knownRegions = (
				en,
			);
			mainGroup = E164FE221721857400263CE3 /*  */;
			projectDirPath = "";
			projectRoot = "";
			targets = (
			);
		};
/* End PBXProject section */

/* Begin XCBuildConfiguration section */
		E164FE271721857400263CE3 /* Debug */ = {
			isa = XCBuildConfiguration;
			buildSettings = {
			};
			name = Debug;
		};
		E164FE281721857400263CE3 /* Release */ = {
			isa = XCBuildConfiguration;
			buildSettings = {
			};
			name = Release;
		};
/* End XCBuildConfiguration section */

/* Begin XCConfigurationList section */
		E164FE261721857400263CE3 /* Build configuration list for PBXProject "Unity-iPhone" */ = {
			isa = XCConfigurationList;
			buildConfigurations = (
				E164FE271721857400263CE3 /* Debug */,
				E164FE281721857400263CE3 /* Release */,
			);
			defaultConfigurationIsVisible = 0;
			defaultConfigurationName = Release;
		};
/* End XCConfigurationList section */
	};
	rootObject = E164FE231721857400263CE3 /* Project Object */;
}